
Microsoft Visual Studio Solution File, Format Version 12.00
# Visual Studio Version 17
VisualStudioVersion = 17.0.32014.148
MinimumVisualStudioVersion = 10.0.40219.1
Project("{9A19103F-16F7-4668-BE54-9A1E7A4F7556}") = "Validations", "Validations\Validations.csproj", "{AAA1C4AA-3FED-428B-9772-F1DE2F38DD3B}"
EndProject
Project("{9A19103F-16F7-4668-BE54-9A1E7A4F7556}") = "Validations_Tests", "Validation_Tests\Validations_Tests.csproj", "{42152769-8C1E-4185-9E72-43397422B942}"
EndProject
Project("{9A19103F-16F7-4668-BE54-9A1E7A4F7556}") = "PopValidations.Swashbuckle", "PopValidations.Swashbuckle\PopValidations.Swashbuckle.csproj", "{2C3D9B69-5E23-4A79-9890-4D190056FE95}"
EndProject
Project("{9A19103F-16F7-4668-BE54-9A1E7A4F7556}") = "PopValidations.ExampleWebApi", "PopValidations.ExampleWebApi\PopValidations.ExampleWebApi.csproj", "{F5493B35-C7BC-4B44-BD12-70F1FC7D2653}"
EndProject
Project("{9A19103F-16F7-4668-BE54-9A1E7A4F7556}") = "PopValidations.Swashbuckle_Tests", "PopValidations.Swashbuckle_Tests\PopValidations.Swashbuckle_Tests.csproj", "{53468BEB-DB72-488F-984F-7816D882ACC1}"
EndProject
Project("{9A19103F-16F7-4668-BE54-9A1E7A4F7556}") = "PopValidations.MediatR", "PopValidations.MediatR\PopValidations.MediatR.csproj", "{1B27413A-D163-4428-98D0-D673BB3A4532}"
EndProject
Project("{FAE04EC0-301F-11D3-BF4B-00C04F79EFBC}") = "PopValidations.Demonstration_Tests", "PopValidations.Demonstration_Tests\PopValidations.Demonstration_Tests.csproj", "{1482A5F2-5CBF-4024-8A7D-B5C710E4CCE4}"
EndProject
Global
	GlobalSection(SolutionConfigurationPlatforms) = preSolution
		Debug|Any CPU = Debug|Any CPU
		Release|Any CPU = Release|Any CPU
	EndGlobalSection
	GlobalSection(ProjectConfigurationPlatforms) = postSolution
		{AAA1C4AA-3FED-428B-9772-F1DE2F38DD3B}.Debug|Any CPU.ActiveCfg = Debug|Any CPU
		{AAA1C4AA-3FED-428B-9772-F1DE2F38DD3B}.Debug|Any CPU.Build.0 = Debug|Any CPU
		{AAA1C4AA-3FED-428B-9772-F1DE2F38DD3B}.Release|Any CPU.ActiveCfg = Release|Any CPU
		{AAA1C4AA-3FED-428B-9772-F1DE2F38DD3B}.Release|Any CPU.Build.0 = Release|Any CPU
		{42152769-8C1E-4185-9E72-43397422B942}.Debug|Any CPU.ActiveCfg = Debug|Any CPU
		{42152769-8C1E-4185-9E72-43397422B942}.Debug|Any CPU.Build.0 = Debug|Any CPU
		{42152769-8C1E-4185-9E72-43397422B942}.Release|Any CPU.ActiveCfg = Release|Any CPU
		{42152769-8C1E-4185-9E72-43397422B942}.Release|Any CPU.Build.0 = Release|Any CPU
		{2C3D9B69-5E23-4A79-9890-4D190056FE95}.Debug|Any CPU.ActiveCfg = Debug|Any CPU
		{2C3D9B69-5E23-4A79-9890-4D190056FE95}.Debug|Any CPU.Build.0 = Debug|Any CPU
		{2C3D9B69-5E23-4A79-9890-4D190056FE95}.Release|Any CPU.ActiveCfg = Release|Any CPU
		{2C3D9B69-5E23-4A79-9890-4D190056FE95}.Release|Any CPU.Build.0 = Release|Any CPU
		{F5493B35-C7BC-4B44-BD12-70F1FC7D2653}.Debug|Any CPU.ActiveCfg = Debug|Any CPU
		{F5493B35-C7BC-4B44-BD12-70F1FC7D2653}.Debug|Any CPU.Build.0 = Debug|Any CPU
		{F5493B35-C7BC-4B44-BD12-70F1FC7D2653}.Release|Any CPU.ActiveCfg = Release|Any CPU
		{F5493B35-C7BC-4B44-BD12-70F1FC7D2653}.Release|Any CPU.Build.0 = Release|Any CPU
		{53468BEB-DB72-488F-984F-7816D882ACC1}.Debug|Any CPU.ActiveCfg = Debug|Any CPU
		{53468BEB-DB72-488F-984F-7816D882ACC1}.Debug|Any CPU.Build.0 = Debug|Any CPU
		{53468BEB-DB72-488F-984F-7816D882ACC1}.Release|Any CPU.ActiveCfg = Release|Any CPU
		{53468BEB-DB72-488F-984F-7816D882ACC1}.Release|Any CPU.Build.0 = Release|Any CPU
		{1B27413A-D163-4428-98D0-D673BB3A4532}.Debug|Any CPU.ActiveCfg = Debug|Any CPU
		{1B27413A-D163-4428-98D0-D673BB3A4532}.Debug|Any CPU.Build.0 = Debug|Any CPU
		{1B27413A-D163-4428-98D0-D673BB3A4532}.Release|Any CPU.ActiveCfg = Release|Any CPU
		{1B27413A-D163-4428-98D0-D673BB3A4532}.Release|Any CPU.Build.0 = Release|Any CPU
		{1482A5F2-5CBF-4024-8A7D-B5C710E4CCE4}.Debug|Any CPU.ActiveCfg = Debug|Any CPU
		{1482A5F2-5CBF-4024-8A7D-B5C710E4CCE4}.Debug|Any CPU.Build.0 = Debug|Any CPU
		{1482A5F2-5CBF-4024-8A7D-B5C710E4CCE4}.Release|Any CPU.ActiveCfg = Release|Any CPU
		{1482A5F2-5CBF-4024-8A7D-B5C710E4CCE4}.Release|Any CPU.Build.0 = Release|Any CPU
	EndGlobalSection
	GlobalSection(SolutionProperties) = preSolution
		HideSolutionNode = FALSE
	EndGlobalSection
	GlobalSection(ExtensibilityGlobals) = postSolution
		SolutionGuid = {97EE1C7E-9813-4766-8AA2-1C23BA81ED20}
	EndGlobalSection
EndGlobal
